// !$*UTF8*$!
{
	archiveVersion = 1;
	classes = {
	};
	objectVersion = 56;
	objects = {

/* Begin PBXBuildFile section */
		AE3320FA2C06014600F62896 /* stickDivisions.cpp in Sources */ = {isa = PBXBuildFile; fileRef = AE3320F92C06014600F62896 /* stickDivisions.cpp */; };
		AE3320FD2C06098400F62896 /* choosingTeams.cpp in Sources */ = {isa = PBXBuildFile; fileRef = AE3320FC2C06098400F62896 /* choosingTeams.cpp */; };
		AE3321002C060A9100F62896 /* a.cpp in Sources */ = {isa = PBXBuildFile; fileRef = AE3320FE2C060A9100F62896 /* a.cpp */; };
		AE34C3132C991B0500957E5F /* CoreMotion.swift in Sources */ = {isa = PBXBuildFile; fileRef = AE34C3122C991B0500957E5F /* CoreMotion.swift */; };
		AE34C3152C991CA100957E5F /* CoreMotionView.swift in Sources */ = {isa = PBXBuildFile; fileRef = AE34C3142C991CA100957E5F /* CoreMotionView.swift */; };
		AE360F8F2BFF74940062F53C /* StudiesApp.swift in Sources */ = {isa = PBXBuildFile; fileRef = AE360F8E2BFF74940062F53C /* StudiesApp.swift */; };
		AE360F912BFF74940062F53C /* ContentView.swift in Sources */ = {isa = PBXBuildFile; fileRef = AE360F902BFF74940062F53C /* ContentView.swift */; };
		AE360F932BFF74950062F53C /* Assets.xcassets in Resources */ = {isa = PBXBuildFile; fileRef = AE360F922BFF74950062F53C /* Assets.xcassets */; };
		AE360F962BFF74950062F53C /* Preview Assets.xcassets in Resources */ = {isa = PBXBuildFile; fileRef = AE360F952BFF74950062F53C /* Preview Assets.xcassets */; };
		AE360FA02BFF74950062F53C /* StudiesTests.swift in Sources */ = {isa = PBXBuildFile; fileRef = AE360F9F2BFF74950062F53C /* StudiesTests.swift */; };
		AE360FAA2BFF74950062F53C /* StudiesUITests.swift in Sources */ = {isa = PBXBuildFile; fileRef = AE360FA92BFF74950062F53C /* StudiesUITests.swift */; };
		AE360FAC2BFF74950062F53C /* StudiesUITestsLaunchTests.swift in Sources */ = {isa = PBXBuildFile; fileRef = AE360FAB2BFF74950062F53C /* StudiesUITestsLaunchTests.swift */; };
		AE4E3B1A2C00BEAE00B53ACA /* basicStudies.swift in Sources */ = {isa = PBXBuildFile; fileRef = AE4E3B192C00BEAE00B53ACA /* basicStudies.swift */; };
		AE7286BC2C04C71500646A5F /* restaurantCostumers.cpp in Sources */ = {isa = PBXBuildFile; fileRef = AE7286BA2C04C71500646A5F /* restaurantCostumers.cpp */; };
		AE7286BE2C04C9EF00646A5F /* staticRangeSumQueries.cpp in Sources */ = {isa = PBXBuildFile; fileRef = AE7286BD2C04C9EF00646A5F /* staticRangeSumQueries.cpp */; };
		AE7286C02C04D6C300646A5F /* concertTickets.cpp in Sources */ = {isa = PBXBuildFile; fileRef = AE7286BF2C04D6C300646A5F /* concertTickets.cpp */; };
		AEC2F7C82C63D92700ED35B7 /* Lottie.swift in Sources */ = {isa = PBXBuildFile; fileRef = AEC2F7C72C63D92700ED35B7 /* Lottie.swift */; };
		AEC2F7CC2C63D9BE00ED35B7 /* Lottie in Frameworks */ = {isa = PBXBuildFile; productRef = AEC2F7CB2C63D9BE00ED35B7 /* Lottie */; };
		AEC2F7D22C63DA3C00ED35B7 /* Protocols.swift in Sources */ = {isa = PBXBuildFile; fileRef = AEC2F7D12C63DA3C00ED35B7 /* Protocols.swift */; };
		AEDB03F52C00FCBC001577FE /* groopiLogo.swift in Sources */ = {isa = PBXBuildFile; fileRef = AEDB03F42C00FCBC001577FE /* groopiLogo.swift */; };
/* End PBXBuildFile section */

/* Begin PBXContainerItemProxy section */
		AE360F9C2BFF74950062F53C /* PBXContainerItemProxy */ = {
			isa = PBXContainerItemProxy;
			containerPortal = AE360F832BFF74940062F53C /* Project object */;
			proxyType = 1;
			remoteGlobalIDString = AE360F8A2BFF74940062F53C;
			remoteInfo = Studies;
		};
		AE360FA62BFF74950062F53C /* PBXContainerItemProxy */ = {
			isa = PBXContainerItemProxy;
			containerPortal = AE360F832BFF74940062F53C /* Project object */;
			proxyType = 1;
			remoteGlobalIDString = AE360F8A2BFF74940062F53C;
			remoteInfo = Studies;
		};
/* End PBXContainerItemProxy section */

/* Begin PBXFileReference section */
		AE3320F92C06014600F62896 /* stickDivisions.cpp */ = {isa = PBXFileReference; lastKnownFileType = sourcecode.cpp.cpp; path = stickDivisions.cpp; sourceTree = "<group>"; };
		AE3320FC2C06098400F62896 /* choosingTeams.cpp */ = {isa = PBXFileReference; lastKnownFileType = sourcecode.cpp.cpp; path = choosingTeams.cpp; sourceTree = "<group>"; };
		AE3320FE2C060A9100F62896 /* a.cpp */ = {isa = PBXFileReference; lastKnownFileType = sourcecode.cpp.cpp; path = a.cpp; sourceTree = "<group>"; };
		AE34C3122C991B0500957E5F /* CoreMotion.swift */ = {isa = PBXFileReference; lastKnownFileType = sourcecode.swift; path = CoreMotion.swift; sourceTree = "<group>"; };
		AE34C3142C991CA100957E5F /* CoreMotionView.swift */ = {isa = PBXFileReference; lastKnownFileType = sourcecode.swift; path = CoreMotionView.swift; sourceTree = "<group>"; };
		AE360F8B2BFF74940062F53C /* Studies.app */ = {isa = PBXFileReference; explicitFileType = wrapper.application; includeInIndex = 0; path = Studies.app; sourceTree = BUILT_PRODUCTS_DIR; };
		AE360F8E2BFF74940062F53C /* StudiesApp.swift */ = {isa = PBXFileReference; lastKnownFileType = sourcecode.swift; path = StudiesApp.swift; sourceTree = "<group>"; };
		AE360F902BFF74940062F53C /* ContentView.swift */ = {isa = PBXFileReference; lastKnownFileType = sourcecode.swift; path = ContentView.swift; sourceTree = "<group>"; };
		AE360F922BFF74950062F53C /* Assets.xcassets */ = {isa = PBXFileReference; lastKnownFileType = folder.assetcatalog; path = Assets.xcassets; sourceTree = "<group>"; };
		AE360F952BFF74950062F53C /* Preview Assets.xcassets */ = {isa = PBXFileReference; lastKnownFileType = folder.assetcatalog; path = "Preview Assets.xcassets"; sourceTree = "<group>"; };
		AE360F9B2BFF74950062F53C /* StudiesTests.xctest */ = {isa = PBXFileReference; explicitFileType = wrapper.cfbundle; includeInIndex = 0; path = StudiesTests.xctest; sourceTree = BUILT_PRODUCTS_DIR; };
		AE360F9F2BFF74950062F53C /* StudiesTests.swift */ = {isa = PBXFileReference; lastKnownFileType = sourcecode.swift; path = StudiesTests.swift; sourceTree = "<group>"; };
		AE360FA52BFF74950062F53C /* StudiesUITests.xctest */ = {isa = PBXFileReference; explicitFileType = wrapper.cfbundle; includeInIndex = 0; path = StudiesUITests.xctest; sourceTree = BUILT_PRODUCTS_DIR; };
		AE360FA92BFF74950062F53C /* StudiesUITests.swift */ = {isa = PBXFileReference; lastKnownFileType = sourcecode.swift; path = StudiesUITests.swift; sourceTree = "<group>"; };
		AE360FAB2BFF74950062F53C /* StudiesUITestsLaunchTests.swift */ = {isa = PBXFileReference; lastKnownFileType = sourcecode.swift; path = StudiesUITestsLaunchTests.swift; sourceTree = "<group>"; };
		AE4E3B192C00BEAE00B53ACA /* basicStudies.swift */ = {isa = PBXFileReference; lastKnownFileType = sourcecode.swift; path = basicStudies.swift; sourceTree = "<group>"; };
		AE7286B92C04C71400646A5F /* Studies-Bridging-Header.h */ = {isa = PBXFileReference; lastKnownFileType = sourcecode.c.h; path = "Studies-Bridging-Header.h"; sourceTree = "<group>"; };
		AE7286BA2C04C71500646A5F /* restaurantCostumers.cpp */ = {isa = PBXFileReference; lastKnownFileType = sourcecode.cpp.cpp; path = restaurantCostumers.cpp; sourceTree = "<group>"; };
		AE7286BB2C04C71500646A5F /* restaurantCostumers.hpp */ = {isa = PBXFileReference; lastKnownFileType = sourcecode.cpp.h; path = restaurantCostumers.hpp; sourceTree = "<group>"; };
		AE7286BD2C04C9EF00646A5F /* staticRangeSumQueries.cpp */ = {isa = PBXFileReference; lastKnownFileType = sourcecode.cpp.cpp; path = staticRangeSumQueries.cpp; sourceTree = "<group>"; };
		AE7286BF2C04D6C300646A5F /* concertTickets.cpp */ = {isa = PBXFileReference; lastKnownFileType = sourcecode.cpp.cpp; path = concertTickets.cpp; sourceTree = "<group>"; };
		AEC2F7C72C63D92700ED35B7 /* Lottie.swift */ = {isa = PBXFileReference; lastKnownFileType = sourcecode.swift; path = Lottie.swift; sourceTree = "<group>"; };
		AEC2F7D12C63DA3C00ED35B7 /* Protocols.swift */ = {isa = PBXFileReference; lastKnownFileType = sourcecode.swift; path = Protocols.swift; sourceTree = "<group>"; };
		AEDB03F42C00FCBC001577FE /* groopiLogo.swift */ = {isa = PBXFileReference; lastKnownFileType = sourcecode.swift; path = groopiLogo.swift; sourceTree = "<group>"; };
/* End PBXFileReference section */

/* Begin PBXFrameworksBuildPhase section */
		AE360F882BFF74940062F53C /* Frameworks */ = {
			isa = PBXFrameworksBuildPhase;
			buildActionMask = 2147483647;
			files = (
				AEC2F7CC2C63D9BE00ED35B7 /* Lottie in Frameworks */,
			);
			runOnlyForDeploymentPostprocessing = 0;
		};
		AE360F982BFF74950062F53C /* Frameworks */ = {
			isa = PBXFrameworksBuildPhase;
			buildActionMask = 2147483647;
			files = (
			);
			runOnlyForDeploymentPostprocessing = 0;
		};
		AE360FA22BFF74950062F53C /* Frameworks */ = {
			isa = PBXFrameworksBuildPhase;
			buildActionMask = 2147483647;
			files = (
			);
			runOnlyForDeploymentPostprocessing = 0;
		};
/* End PBXFrameworksBuildPhase section */

/* Begin PBXGroup section */
		AE3320FB2C06096100F62896 /* codeforces */ = {
			isa = PBXGroup;
			children = (
				AE3320FC2C06098400F62896 /* choosingTeams.cpp */,
				AE3320FE2C060A9100F62896 /* a.cpp */,
			);
			path = codeforces;
			sourceTree = "<group>";
		};
		AE34C3112C991AEA00957E5F /* CoreMotion */ = {
			isa = PBXGroup;
			children = (
				AE34C3122C991B0500957E5F /* CoreMotion.swift */,
				AE34C3142C991CA100957E5F /* CoreMotionView.swift */,
			);
			path = CoreMotion;
			sourceTree = "<group>";
		};
		AE360F822BFF74940062F53C = {
			isa = PBXGroup;
			children = (
				AE360F8D2BFF74940062F53C /* Studies */,
				AE360F9E2BFF74950062F53C /* StudiesTests */,
				AE360FA82BFF74950062F53C /* StudiesUITests */,
				AE360F8C2BFF74940062F53C /* Products */,
				AEC2F7CA2C63D9BE00ED35B7 /* Frameworks */,
			);
			sourceTree = "<group>";
		};
		AE360F8C2BFF74940062F53C /* Products */ = {
			isa = PBXGroup;
			children = (
				AE360F8B2BFF74940062F53C /* Studies.app */,
				AE360F9B2BFF74950062F53C /* StudiesTests.xctest */,
				AE360FA52BFF74950062F53C /* StudiesUITests.xctest */,
			);
			name = Products;
			sourceTree = "<group>";
		};
		AE360F8D2BFF74940062F53C /* Studies */ = {
			isa = PBXGroup;
			children = (
				AE34C3112C991AEA00957E5F /* CoreMotion */,
				AEC2F7D02C63DA2E00ED35B7 /* swift */,
				AE3320FB2C06096100F62896 /* codeforces */,
				AE7286B82C04C6FE00646A5F /* cpp */,
				AE4E3B182C00BE9600B53ACA /* animation */,
				AE360F8E2BFF74940062F53C /* StudiesApp.swift */,
				AE360F902BFF74940062F53C /* ContentView.swift */,
				AE360F922BFF74950062F53C /* Assets.xcassets */,
				AE360F942BFF74950062F53C /* Preview Content */,
			);
			path = Studies;
			sourceTree = "<group>";
		};
		AE360F942BFF74950062F53C /* Preview Content */ = {
			isa = PBXGroup;
			children = (
				AE360F952BFF74950062F53C /* Preview Assets.xcassets */,
			);
			path = "Preview Content";
			sourceTree = "<group>";
		};
		AE360F9E2BFF74950062F53C /* StudiesTests */ = {
			isa = PBXGroup;
			children = (
				AE360F9F2BFF74950062F53C /* StudiesTests.swift */,
			);
			path = StudiesTests;
			sourceTree = "<group>";
		};
		AE360FA82BFF74950062F53C /* StudiesUITests */ = {
			isa = PBXGroup;
			children = (
				AE360FA92BFF74950062F53C /* StudiesUITests.swift */,
				AE360FAB2BFF74950062F53C /* StudiesUITestsLaunchTests.swift */,
			);
			path = StudiesUITests;
			sourceTree = "<group>";
		};
		AE4E3B182C00BE9600B53ACA /* animation */ = {
			isa = PBXGroup;
			children = (
				AE4E3B192C00BEAE00B53ACA /* basicStudies.swift */,
				AEDB03F42C00FCBC001577FE /* groopiLogo.swift */,
				AEC2F7C72C63D92700ED35B7 /* Lottie.swift */,
			);
			path = animation;
			sourceTree = "<group>";
		};
		AE7286B82C04C6FE00646A5F /* cpp */ = {
			isa = PBXGroup;
			children = (
				AE7286BA2C04C71500646A5F /* restaurantCostumers.cpp */,
				AE7286BB2C04C71500646A5F /* restaurantCostumers.hpp */,
				AE7286B92C04C71400646A5F /* Studies-Bridging-Header.h */,
				AE7286BD2C04C9EF00646A5F /* staticRangeSumQueries.cpp */,
				AE7286BF2C04D6C300646A5F /* concertTickets.cpp */,
				AE3320F92C06014600F62896 /* stickDivisions.cpp */,
			);
			path = cpp;
			sourceTree = "<group>";
		};
		AEC2F7CA2C63D9BE00ED35B7 /* Frameworks */ = {
			isa = PBXGroup;
			children = (
			);
			name = Frameworks;
			sourceTree = "<group>";
		};
		AEC2F7D02C63DA2E00ED35B7 /* swift */ = {
			isa = PBXGroup;
			children = (
				AEC2F7D12C63DA3C00ED35B7 /* Protocols.swift */,
			);
			path = swift;
			sourceTree = "<group>";
		};
/* End PBXGroup section */

/* Begin PBXNativeTarget section */
		AE360F8A2BFF74940062F53C /* Studies */ = {
			isa = PBXNativeTarget;
			buildConfigurationList = AE360FAF2BFF74950062F53C /* Build configuration list for PBXNativeTarget "Studies" */;
			buildPhases = (
				AE360F872BFF74940062F53C /* Sources */,
				AE360F882BFF74940062F53C /* Frameworks */,
				AE360F892BFF74940062F53C /* Resources */,
			);
			buildRules = (
			);
			dependencies = (
			);
			name = Studies;
			packageProductDependencies = (
				AEC2F7CB2C63D9BE00ED35B7 /* Lottie */,
			);
			productName = Studies;
			productReference = AE360F8B2BFF74940062F53C /* Studies.app */;
			productType = "com.apple.product-type.application";
		};
		AE360F9A2BFF74950062F53C /* StudiesTests */ = {
			isa = PBXNativeTarget;
			buildConfigurationList = AE360FB22BFF74950062F53C /* Build configuration list for PBXNativeTarget "StudiesTests" */;
			buildPhases = (
				AE360F972BFF74950062F53C /* Sources */,
				AE360F982BFF74950062F53C /* Frameworks */,
				AE360F992BFF74950062F53C /* Resources */,
			);
			buildRules = (
			);
			dependencies = (
				AE360F9D2BFF74950062F53C /* PBXTargetDependency */,
			);
			name = StudiesTests;
			productName = StudiesTests;
			productReference = AE360F9B2BFF74950062F53C /* StudiesTests.xctest */;
			productType = "com.apple.product-type.bundle.unit-test";
		};
		AE360FA42BFF74950062F53C /* StudiesUITests */ = {
			isa = PBXNativeTarget;
			buildConfigurationList = AE360FB52BFF74950062F53C /* Build configuration list for PBXNativeTarget "StudiesUITests" */;
			buildPhases = (
				AE360FA12BFF74950062F53C /* Sources */,
				AE360FA22BFF74950062F53C /* Frameworks */,
				AE360FA32BFF74950062F53C /* Resources */,
			);
			buildRules = (
			);
			dependencies = (
				AE360FA72BFF74950062F53C /* PBXTargetDependency */,
			);
			name = StudiesUITests;
			productName = StudiesUITests;
			productReference = AE360FA52BFF74950062F53C /* StudiesUITests.xctest */;
			productType = "com.apple.product-type.bundle.ui-testing";
		};
/* End PBXNativeTarget section */

/* Begin PBXProject section */
		AE360F832BFF74940062F53C /* Project object */ = {
			isa = PBXProject;
			attributes = {
				BuildIndependentTargetsInParallel = 1;
				LastSwiftUpdateCheck = 1530;
				LastUpgradeCheck = 1530;
				TargetAttributes = {
					AE360F8A2BFF74940062F53C = {
						CreatedOnToolsVersion = 15.3;
						LastSwiftMigration = 1530;
					};
					AE360F9A2BFF74950062F53C = {
						CreatedOnToolsVersion = 15.3;
						TestTargetID = AE360F8A2BFF74940062F53C;
					};
					AE360FA42BFF74950062F53C = {
						CreatedOnToolsVersion = 15.3;
						TestTargetID = AE360F8A2BFF74940062F53C;
					};
				};
			};
			buildConfigurationList = AE360F862BFF74940062F53C /* Build configuration list for PBXProject "Studies" */;
			compatibilityVersion = "Xcode 14.0";
			developmentRegion = en;
			hasScannedForEncodings = 0;
			knownRegions = (
				en,
				Base,
			);
			mainGroup = AE360F822BFF74940062F53C;
			packageReferences = (
				AEC2F7C92C63D94700ED35B7 /* XCRemoteSwiftPackageReference "lottie-ios" */,
			);
			productRefGroup = AE360F8C2BFF74940062F53C /* Products */;
			projectDirPath = "";
			projectRoot = "";
			targets = (
				AE360F8A2BFF74940062F53C /* Studies */,
				AE360F9A2BFF74950062F53C /* StudiesTests */,
				AE360FA42BFF74950062F53C /* StudiesUITests */,
			);
		};
/* End PBXProject section */

/* Begin PBXResourcesBuildPhase section */
		AE360F892BFF74940062F53C /* Resources */ = {
			isa = PBXResourcesBuildPhase;
			buildActionMask = 2147483647;
			files = (
				AE360F962BFF74950062F53C /* Preview Assets.xcassets in Resources */,
				AE360F932BFF74950062F53C /* Assets.xcassets in Resources */,
			);
			runOnlyForDeploymentPostprocessing = 0;
		};
		AE360F992BFF74950062F53C /* Resources */ = {
			isa = PBXResourcesBuildPhase;
			buildActionMask = 2147483647;
			files = (
			);
			runOnlyForDeploymentPostprocessing = 0;
		};
		AE360FA32BFF74950062F53C /* Resources */ = {
			isa = PBXResourcesBuildPhase;
			buildActionMask = 2147483647;
			files = (
			);
			runOnlyForDeploymentPostprocessing = 0;
		};
/* End PBXResourcesBuildPhase section */

/* Begin PBXSourcesBuildPhase section */
		AE360F872BFF74940062F53C /* Sources */ = {
			isa = PBXSourcesBuildPhase;
			buildActionMask = 2147483647;
			files = (
				AE7286C02C04D6C300646A5F /* concertTickets.cpp in Sources */,
				AE3321002C060A9100F62896 /* a.cpp in Sources */,
				AE3320FA2C06014600F62896 /* stickDivisions.cpp in Sources */,
				AEC2F7D22C63DA3C00ED35B7 /* Protocols.swift in Sources */,
				AEDB03F52C00FCBC001577FE /* groopiLogo.swift in Sources */,
				AE4E3B1A2C00BEAE00B53ACA /* basicStudies.swift in Sources */,
				AE360F912BFF74940062F53C /* ContentView.swift in Sources */,
				AE360F8F2BFF74940062F53C /* StudiesApp.swift in Sources */,
				AEC2F7C82C63D92700ED35B7 /* Lottie.swift in Sources */,
				AE7286BE2C04C9EF00646A5F /* staticRangeSumQueries.cpp in Sources */,
				AE7286BC2C04C71500646A5F /* restaurantCostumers.cpp in Sources */,
				AE3320FD2C06098400F62896 /* choosingTeams.cpp in Sources */,
				AE34C3132C991B0500957E5F /* CoreMotion.swift in Sources */,
				AE34C3152C991CA100957E5F /* CoreMotionView.swift in Sources */,
			);
			runOnlyForDeploymentPostprocessing = 0;
		};
		AE360F972BFF74950062F53C /* Sources */ = {
			isa = PBXSourcesBuildPhase;
			buildActionMask = 2147483647;
			files = (
				AE360FA02BFF74950062F53C /* StudiesTests.swift in Sources */,
			);
			runOnlyForDeploymentPostprocessing = 0;
		};
		AE360FA12BFF74950062F53C /* Sources */ = {
			isa = PBXSourcesBuildPhase;
			buildActionMask = 2147483647;
			files = (
				AE360FAC2BFF74950062F53C /* StudiesUITestsLaunchTests.swift in Sources */,
				AE360FAA2BFF74950062F53C /* StudiesUITests.swift in Sources */,
			);
			runOnlyForDeploymentPostprocessing = 0;
		};
/* End PBXSourcesBuildPhase section */

/* Begin PBXTargetDependency section */
		AE360F9D2BFF74950062F53C /* PBXTargetDependency */ = {
			isa = PBXTargetDependency;
			target = AE360F8A2BFF74940062F53C /* Studies */;
			targetProxy = AE360F9C2BFF74950062F53C /* PBXContainerItemProxy */;
		};
		AE360FA72BFF74950062F53C /* PBXTargetDependency */ = {
			isa = PBXTargetDependency;
			target = AE360F8A2BFF74940062F53C /* Studies */;
			targetProxy = AE360FA62BFF74950062F53C /* PBXContainerItemProxy */;
		};
/* End PBXTargetDependency section */

/* Begin XCBuildConfiguration section */
		AE360FAD2BFF74950062F53C /* Debug */ = {
			isa = XCBuildConfiguration;
			buildSettings = {
				ALWAYS_SEARCH_USER_PATHS = NO;
				ASSETCATALOG_COMPILER_GENERATE_SWIFT_ASSET_SYMBOL_EXTENSIONS = YES;
				CLANG_ANALYZER_NONNULL = YES;
				CLANG_ANALYZER_NUMBER_OBJECT_CONVERSION = YES_AGGRESSIVE;
				CLANG_CXX_LANGUAGE_STANDARD = "gnu++20";
				CLANG_ENABLE_MODULES = YES;
				CLANG_ENABLE_OBJC_ARC = YES;
				CLANG_ENABLE_OBJC_WEAK = YES;
				CLANG_WARN_BLOCK_CAPTURE_AUTORELEASING = YES;
				CLANG_WARN_BOOL_CONVERSION = YES;
				CLANG_WARN_COMMA = YES;
				CLANG_WARN_CONSTANT_CONVERSION = YES;
				CLANG_WARN_DEPRECATED_OBJC_IMPLEMENTATIONS = YES;
				CLANG_WARN_DIRECT_OBJC_ISA_USAGE = YES_ERROR;
				CLANG_WARN_DOCUMENTATION_COMMENTS = YES;
				CLANG_WARN_EMPTY_BODY = YES;
				CLANG_WARN_ENUM_CONVERSION = YES;
				CLANG_WARN_INFINITE_RECURSION = YES;
				CLANG_WARN_INT_CONVERSION = YES;
				CLANG_WARN_NON_LITERAL_NULL_CONVERSION = YES;
				CLANG_WARN_OBJC_IMPLICIT_RETAIN_SELF = YES;
				CLANG_WARN_OBJC_LITERAL_CONVERSION = YES;
				CLANG_WARN_OBJC_ROOT_CLASS = YES_ERROR;
				CLANG_WARN_QUOTED_INCLUDE_IN_FRAMEWORK_HEADER = YES;
				CLANG_WARN_RANGE_LOOP_ANALYSIS = YES;
				CLANG_WARN_STRICT_PROTOTYPES = YES;
				CLANG_WARN_SUSPICIOUS_MOVE = YES;
				CLANG_WARN_UNGUARDED_AVAILABILITY = YES_AGGRESSIVE;
				CLANG_WARN_UNREACHABLE_CODE = YES;
				CLANG_WARN__DUPLICATE_METHOD_MATCH = YES;
				COPY_PHASE_STRIP = NO;
				DEBUG_INFORMATION_FORMAT = dwarf;
				ENABLE_STRICT_OBJC_MSGSEND = YES;
				ENABLE_TESTABILITY = YES;
				ENABLE_USER_SCRIPT_SANDBOXING = YES;
				GCC_C_LANGUAGE_STANDARD = gnu17;
				GCC_DYNAMIC_NO_PIC = NO;
				GCC_NO_COMMON_BLOCKS = YES;
				GCC_OPTIMIZATION_LEVEL = 0;
				GCC_PREPROCESSOR_DEFINITIONS = (
					"DEBUG=1",
					"$(inherited)",
				);
				GCC_WARN_64_TO_32_BIT_CONVERSION = YES;
				GCC_WARN_ABOUT_RETURN_TYPE = YES_ERROR;
				GCC_WARN_UNDECLARED_SELECTOR = YES;
				GCC_WARN_UNINITIALIZED_AUTOS = YES_AGGRESSIVE;
				GCC_WARN_UNUSED_FUNCTION = YES;
				GCC_WARN_UNUSED_VARIABLE = YES;
				IPHONEOS_DEPLOYMENT_TARGET = 17.4;
				LOCALIZATION_PREFERS_STRING_CATALOGS = YES;
				MTL_ENABLE_DEBUG_INFO = INCLUDE_SOURCE;
				MTL_FAST_MATH = YES;
				ONLY_ACTIVE_ARCH = YES;
				SDKROOT = iphoneos;
				SWIFT_ACTIVE_COMPILATION_CONDITIONS = "DEBUG $(inherited)";
				SWIFT_OPTIMIZATION_LEVEL = "-Onone";
			};
			name = Debug;
		};
		AE360FAE2BFF74950062F53C /* Release */ = {
			isa = XCBuildConfiguration;
			buildSettings = {
				ALWAYS_SEARCH_USER_PATHS = NO;
				ASSETCATALOG_COMPILER_GENERATE_SWIFT_ASSET_SYMBOL_EXTENSIONS = YES;
				CLANG_ANALYZER_NONNULL = YES;
				CLANG_ANALYZER_NUMBER_OBJECT_CONVERSION = YES_AGGRESSIVE;
				CLANG_CXX_LANGUAGE_STANDARD = "gnu++20";
				CLANG_ENABLE_MODULES = YES;
				CLANG_ENABLE_OBJC_ARC = YES;
				CLANG_ENABLE_OBJC_WEAK = YES;
				CLANG_WARN_BLOCK_CAPTURE_AUTORELEASING = YES;
				CLANG_WARN_BOOL_CONVERSION = YES;
				CLANG_WARN_COMMA = YES;
				CLANG_WARN_CONSTANT_CONVERSION = YES;
				CLANG_WARN_DEPRECATED_OBJC_IMPLEMENTATIONS = YES;
				CLANG_WARN_DIRECT_OBJC_ISA_USAGE = YES_ERROR;
				CLANG_WARN_DOCUMENTATION_COMMENTS = YES;
				CLANG_WARN_EMPTY_BODY = YES;
				CLANG_WARN_ENUM_CONVERSION = YES;
				CLANG_WARN_INFINITE_RECURSION = YES;
				CLANG_WARN_INT_CONVERSION = YES;
				CLANG_WARN_NON_LITERAL_NULL_CONVERSION = YES;
				CLANG_WARN_OBJC_IMPLICIT_RETAIN_SELF = YES;
				CLANG_WARN_OBJC_LITERAL_CONVERSION = YES;
				CLANG_WARN_OBJC_ROOT_CLASS = YES_ERROR;
				CLANG_WARN_QUOTED_INCLUDE_IN_FRAMEWORK_HEADER = YES;
				CLANG_WARN_RANGE_LOOP_ANALYSIS = YES;
				CLANG_WARN_STRICT_PROTOTYPES = YES;
				CLANG_WARN_SUSPICIOUS_MOVE = YES;
				CLANG_WARN_UNGUARDED_AVAILABILITY = YES_AGGRESSIVE;
				CLANG_WARN_UNREACHABLE_CODE = YES;
				CLANG_WARN__DUPLICATE_METHOD_MATCH = YES;
				COPY_PHASE_STRIP = NO;
				DEBUG_INFORMATION_FORMAT = "dwarf-with-dsym";
				ENABLE_NS_ASSERTIONS = NO;
				ENABLE_STRICT_OBJC_MSGSEND = YES;
				ENABLE_USER_SCRIPT_SANDBOXING = YES;
				GCC_C_LANGUAGE_STANDARD = gnu17;
				GCC_NO_COMMON_BLOCKS = YES;
				GCC_WARN_64_TO_32_BIT_CONVERSION = YES;
				GCC_WARN_ABOUT_RETURN_TYPE = YES_ERROR;
				GCC_WARN_UNDECLARED_SELECTOR = YES;
				GCC_WARN_UNINITIALIZED_AUTOS = YES_AGGRESSIVE;
				GCC_WARN_UNUSED_FUNCTION = YES;
				GCC_WARN_UNUSED_VARIABLE = YES;
				IPHONEOS_DEPLOYMENT_TARGET = 17.4;
				LOCALIZATION_PREFERS_STRING_CATALOGS = YES;
				MTL_ENABLE_DEBUG_INFO = NO;
				MTL_FAST_MATH = YES;
				SDKROOT = iphoneos;
				SWIFT_COMPILATION_MODE = wholemodule;
				VALIDATE_PRODUCT = YES;
			};
			name = Release;
		};
		AE360FB02BFF74950062F53C /* Debug */ = {
			isa = XCBuildConfiguration;
			buildSettings = {
				ASSETCATALOG_COMPILER_APPICON_NAME = AppIcon;
				ASSETCATALOG_COMPILER_GLOBAL_ACCENT_COLOR_NAME = AccentColor;
				CLANG_ENABLE_MODULES = YES;
				CODE_SIGN_STYLE = Automatic;
				CURRENT_PROJECT_VERSION = 1;
				DEVELOPMENT_ASSET_PATHS = "\"Studies/Preview Content\"";
				DEVELOPMENT_TEAM = ZFH4AF7HSL;
				ENABLE_PREVIEWS = YES;
				GENERATE_INFOPLIST_FILE = YES;
				INFOPLIST_KEY_UIApplicationSceneManifest_Generation = YES;
				INFOPLIST_KEY_UIApplicationSupportsIndirectInputEvents = YES;
				INFOPLIST_KEY_UILaunchScreen_Generation = YES;
				INFOPLIST_KEY_UISupportedInterfaceOrientations_iPad = "UIInterfaceOrientationPortrait UIInterfaceOrientationPortraitUpsideDown UIInterfaceOrientationLandscapeLeft UIInterfaceOrientationLandscapeRight";
				INFOPLIST_KEY_UISupportedInterfaceOrientations_iPhone = "UIInterfaceOrientationPortrait UIInterfaceOrientationLandscapeLeft UIInterfaceOrientationLandscapeRight";
				LD_RUNPATH_SEARCH_PATHS = (
					"$(inherited)",
					"@executable_path/Frameworks",
				);
				MARKETING_VERSION = 1.0;
				PRODUCT_BUNDLE_IDENTIFIER = Academy.Studies;
				PRODUCT_NAME = "$(TARGET_NAME)";
				SWIFT_EMIT_LOC_STRINGS = YES;
				SWIFT_OBJC_BRIDGING_HEADER = "Studies/cpp/Studies-Bridging-Header.h";
				SWIFT_OPTIMIZATION_LEVEL = "-Onone";
				SWIFT_VERSION = 5.0;
				TARGETED_DEVICE_FAMILY = "1,2";
			};
			name = Debug;
		};
		AE360FB12BFF74950062F53C /* Release */ = {
			isa = XCBuildConfiguration;
			buildSettings = {
				ASSETCATALOG_COMPILER_APPICON_NAME = AppIcon;
				ASSETCATALOG_COMPILER_GLOBAL_ACCENT_COLOR_NAME = AccentColor;
				CLANG_ENABLE_MODULES = YES;
				CODE_SIGN_STYLE = Automatic;
				CURRENT_PROJECT_VERSION = 1;
				DEVELOPMENT_ASSET_PATHS = "\"Studies/Preview Content\"";
				DEVELOPMENT_TEAM = ZFH4AF7HSL;
				ENABLE_PREVIEWS = YES;
				GENERATE_INFOPLIST_FILE = YES;
				INFOPLIST_KEY_UIApplicationSceneManifest_Generation = YES;
				INFOPLIST_KEY_UIApplicationSupportsIndirectInputEvents = YES;
				INFOPLIST_KEY_UILaunchScreen_Generation = YES;
				INFOPLIST_KEY_UISupportedInterfaceOrientations_iPad = "UIInterfaceOrientationPortrait UIInterfaceOrientationPortraitUpsideDown UIInterfaceOrientationLandscapeLeft UIInterfaceOrientationLandscapeRight";
				INFOPLIST_KEY_UISupportedInterfaceOrientations_iPhone = "UIInterfaceOrientationPortrait UIInterfaceOrientationLandscapeLeft UIInterfaceOrientationLandscapeRight";
				LD_RUNPATH_SEARCH_PATHS = (
					"$(inherited)",
					"@executable_path/Frameworks",
				);
				MARKETING_VERSION = 1.0;
				PRODUCT_BUNDLE_IDENTIFIER = Academy.Studies;
				PRODUCT_NAME = "$(TARGET_NAME)";
				SWIFT_EMIT_LOC_STRINGS = YES;
				SWIFT_OBJC_BRIDGING_HEADER = "Studies/cpp/Studies-Bridging-Header.h";
				SWIFT_VERSION = 5.0;
				TARGETED_DEVICE_FAMILY = "1,2";
			};
			name = Release;
		};
		AE360FB32BFF74950062F53C /* Debug */ = {
			isa = XCBuildConfiguration;
			buildSettings = {
				ALWAYS_EMBED_SWIFT_STANDARD_LIBRARIES = YES;
				BUNDLE_LOADER = "$(TEST_HOST)";
				CODE_SIGN_STYLE = Automatic;
				CURRENT_PROJECT_VERSION = 1;
				GENERATE_INFOPLIST_FILE = YES;
				IPHONEOS_DEPLOYMENT_TARGET = 17.4;
				MARKETING_VERSION = 1.0;
				PRODUCT_BUNDLE_IDENTIFIER = Academy.StudiesTests;
				PRODUCT_NAME = "$(TARGET_NAME)";
				SWIFT_EMIT_LOC_STRINGS = NO;
				SWIFT_VERSION = 5.0;
				TARGETED_DEVICE_FAMILY = "1,2";
				TEST_HOST = "$(BUILT_PRODUCTS_DIR)/Studies.app/$(BUNDLE_EXECUTABLE_FOLDER_PATH)/Studies";
			};
			name = Debug;
		};
		AE360FB42BFF74950062F53C /* Release */ = {
			isa = XCBuildConfiguration;
			buildSettings = {
				ALWAYS_EMBED_SWIFT_STANDARD_LIBRARIES = YES;
				BUNDLE_LOADER = "$(TEST_HOST)";
				CODE_SIGN_STYLE = Automatic;
				CURRENT_PROJECT_VERSION = 1;
				GENERATE_INFOPLIST_FILE = YES;
				IPHONEOS_DEPLOYMENT_TARGET = 17.4;
				MARKETING_VERSION = 1.0;
				PRODUCT_BUNDLE_IDENTIFIER = Academy.StudiesTests;
				PRODUCT_NAME = "$(TARGET_NAME)";
				SWIFT_EMIT_LOC_STRINGS = NO;
				SWIFT_VERSION = 5.0;
				TARGETED_DEVICE_FAMILY = "1,2";
				TEST_HOST = "$(BUILT_PRODUCTS_DIR)/Studies.app/$(BUNDLE_EXECUTABLE_FOLDER_PATH)/Studies";
			};
			name = Release;
		};
		AE360FB62BFF74950062F53C /* Debug */ = {
			isa = XCBuildConfiguration;
			buildSettings = {
				ALWAYS_EMBED_SWIFT_STANDARD_LIBRARIES = YES;
				CODE_SIGN_STYLE = Automatic;
				CURRENT_PROJECT_VERSION = 1;
				GENERATE_INFOPLIST_FILE = YES;
				MARKETING_VERSION = 1.0;
				PRODUCT_BUNDLE_IDENTIFIER = Academy.StudiesUITests;
				PRODUCT_NAME = "$(TARGET_NAME)";
				SWIFT_EMIT_LOC_STRINGS = NO;
				SWIFT_VERSION = 5.0;
				TARGETED_DEVICE_FAMILY = "1,2";
				TEST_TARGET_NAME = Studies;
			};
			name = Debug;
		};
		AE360FB72BFF74950062F53C /* Release */ = {
			isa = XCBuildConfiguration;
			buildSettings = {
				ALWAYS_EMBED_SWIFT_STANDARD_LIBRARIES = YES;
				CODE_SIGN_STYLE = Automatic;
				CURRENT_PROJECT_VERSION = 1;
				GENERATE_INFOPLIST_FILE = YES;
				MARKETING_VERSION = 1.0;
				PRODUCT_BUNDLE_IDENTIFIER = Academy.StudiesUITests;
				PRODUCT_NAME = "$(TARGET_NAME)";
				SWIFT_EMIT_LOC_STRINGS = NO;
				SWIFT_VERSION = 5.0;
				TARGETED_DEVICE_FAMILY = "1,2";
				TEST_TARGET_NAME = Studies;
			};
			name = Release;
		};
/* End XCBuildConfiguration section */

/* Begin XCConfigurationList section */
		AE360F862BFF74940062F53C /* Build configuration list for PBXProject "Studies" */ = {
			isa = XCConfigurationList;
			buildConfigurations = (
				AE360FAD2BFF74950062F53C /* Debug */,
				AE360FAE2BFF74950062F53C /* Release */,
			);
			defaultConfigurationIsVisible = 0;
			defaultConfigurationName = Release;
		};
		AE360FAF2BFF74950062F53C /* Build configuration list for PBXNativeTarget "Studies" */ = {
			isa = XCConfigurationList;
			buildConfigurations = (
				AE360FB02BFF74950062F53C /* Debug */,
				AE360FB12BFF74950062F53C /* Release */,
			);
			defaultConfigurationIsVisible = 0;
			defaultConfigurationName = Release;
		};
		AE360FB22BFF74950062F53C /* Build configuration list for PBXNativeTarget "StudiesTests" */ = {
			isa = XCConfigurationList;
			buildConfigurations = (
				AE360FB32BFF74950062F53C /* Debug */,
				AE360FB42BFF74950062F53C /* Release */,
			);
			defaultConfigurationIsVisible = 0;
			defaultConfigurationName = Release;
		};
		AE360FB52BFF74950062F53C /* Build configuration list for PBXNativeTarget "StudiesUITests" */ = {
			isa = XCConfigurationList;
			buildConfigurations = (
				AE360FB62BFF74950062F53C /* Debug */,
				AE360FB72BFF74950062F53C /* Release */,
			);
			defaultConfigurationIsVisible = 0;
			defaultConfigurationName = Release;
		};
/* End XCConfigurationList section */

/* Begin XCRemoteSwiftPackageReference section */
		AEC2F7C92C63D94700ED35B7 /* XCRemoteSwiftPackageReference "lottie-ios" */ = {
			isa = XCRemoteSwiftPackageReference;
			repositoryURL = "https://github.com/airbnb/lottie-ios.git";
			requirement = {
				kind = upToNextMajorVersion;
				minimumVersion = 4.5.0;
			};
		};
/* End XCRemoteSwiftPackageReference section */

/* Begin XCSwiftPackageProductDependency section */
		AEC2F7CB2C63D9BE00ED35B7 /* Lottie */ = {
			isa = XCSwiftPackageProductDependency;
			package = AEC2F7C92C63D94700ED35B7 /* XCRemoteSwiftPackageReference "lottie-ios" */;
			productName = Lottie;
		};
/* End XCSwiftPackageProductDependency section */
	};
	rootObject = AE360F832BFF74940062F53C /* Project object */;
}
